// !$*UTF8*$!
{
	archiveVersion = 1;
	classes = {
	};
	objectVersion = 56;
	objects = {

/* Begin PBXBuildFile section */
		4442DA742A05886F004F2E49 /* MovieRow.swift in Sources */ = {isa = PBXBuildFile; fileRef = 4442DA732A05886F004F2E49 /* MovieRow.swift */; };
		4442DA762A0588F6004F2E49 /* MovieList.swift in Sources */ = {isa = PBXBuildFile; fileRef = 4442DA752A0588F6004F2E49 /* MovieList.swift */; };
		4442DAC42A06D26F004F2E49 /* CategoryHome.swift in Sources */ = {isa = PBXBuildFile; fileRef = 4442DAC32A06D26F004F2E49 /* CategoryHome.swift */; };
		4442DAC62A06D2AA004F2E49 /* CategoryRow.swift in Sources */ = {isa = PBXBuildFile; fileRef = 4442DAC52A06D2AA004F2E49 /* CategoryRow.swift */; };
		4442DAC82A06D523004F2E49 /* CategoryItem.swift in Sources */ = {isa = PBXBuildFile; fileRef = 4442DAC72A06D523004F2E49 /* CategoryItem.swift */; };
		447DA0872A05224E003306EB /* moviezApp.swift in Sources */ = {isa = PBXBuildFile; fileRef = 447DA0862A05224E003306EB /* moviezApp.swift */; };
		447DA0892A05224E003306EB /* ContentView.swift in Sources */ = {isa = PBXBuildFile; fileRef = 447DA0882A05224E003306EB /* ContentView.swift */; };
		447DA08B2A052250003306EB /* Assets.xcassets in Resources */ = {isa = PBXBuildFile; fileRef = 447DA08A2A052250003306EB /* Assets.xcassets */; };
		447DA08E2A052250003306EB /* Preview Assets.xcassets in Resources */ = {isa = PBXBuildFile; fileRef = 447DA08D2A052250003306EB /* Preview Assets.xcassets */; };
		447DA0952A05226A003306EB /* moviez.json in Resources */ = {isa = PBXBuildFile; fileRef = 447DA0942A05226A003306EB /* moviez.json */; };
		447DA0972A052285003306EB /* Moviez.swift in Sources */ = {isa = PBXBuildFile; fileRef = 447DA0962A052285003306EB /* Moviez.swift */; };
		447DA09A2A052359003306EB /* DataModel.swift in Sources */ = {isa = PBXBuildFile; fileRef = 447DA0992A052359003306EB /* DataModel.swift */; };
		447DA09C2A0524D8003306EB /* MovieDetail.swift in Sources */ = {isa = PBXBuildFile; fileRef = 447DA09B2A0524D8003306EB /* MovieDetail.swift */; };
/* End PBXBuildFile section */

/* Begin PBXFileReference section */
		4442DA732A05886F004F2E49 /* MovieRow.swift */ = {isa = PBXFileReference; lastKnownFileType = sourcecode.swift; path = MovieRow.swift; sourceTree = "<group>"; };
		4442DA752A0588F6004F2E49 /* MovieList.swift */ = {isa = PBXFileReference; lastKnownFileType = sourcecode.swift; path = MovieList.swift; sourceTree = "<group>"; };
		4442DAC32A06D26F004F2E49 /* CategoryHome.swift */ = {isa = PBXFileReference; lastKnownFileType = sourcecode.swift; path = CategoryHome.swift; sourceTree = "<group>"; };
		4442DAC52A06D2AA004F2E49 /* CategoryRow.swift */ = {isa = PBXFileReference; lastKnownFileType = sourcecode.swift; path = CategoryRow.swift; sourceTree = "<group>"; };
		4442DAC72A06D523004F2E49 /* CategoryItem.swift */ = {isa = PBXFileReference; lastKnownFileType = sourcecode.swift; path = CategoryItem.swift; sourceTree = "<group>"; };
		447DA0832A05224E003306EB /* moviez.app */ = {isa = PBXFileReference; explicitFileType = wrapper.application; includeInIndex = 0; path = moviez.app; sourceTree = BUILT_PRODUCTS_DIR; };
		447DA0862A05224E003306EB /* moviezApp.swift */ = {isa = PBXFileReference; lastKnownFileType = sourcecode.swift; path = moviezApp.swift; sourceTree = "<group>"; };
		447DA0882A05224E003306EB /* ContentView.swift */ = {isa = PBXFileReference; lastKnownFileType = sourcecode.swift; path = ContentView.swift; sourceTree = "<group>"; };
		447DA08A2A052250003306EB /* Assets.xcassets */ = {isa = PBXFileReference; lastKnownFileType = folder.assetcatalog; path = Assets.xcassets; sourceTree = "<group>"; };
		447DA08D2A052250003306EB /* Preview Assets.xcassets */ = {isa = PBXFileReference; lastKnownFileType = folder.assetcatalog; path = "Preview Assets.xcassets"; sourceTree = "<group>"; };
		447DA0942A05226A003306EB /* moviez.json */ = {isa = PBXFileReference; fileEncoding = 4; lastKnownFileType = text.json; path = moviez.json; sourceTree = "<group>"; };
		447DA0962A052285003306EB /* Moviez.swift */ = {isa = PBXFileReference; lastKnownFileType = sourcecode.swift; path = Moviez.swift; sourceTree = "<group>"; };
		447DA0992A052359003306EB /* DataModel.swift */ = {isa = PBXFileReference; lastKnownFileType = sourcecode.swift; path = DataModel.swift; sourceTree = "<group>"; };
		447DA09B2A0524D8003306EB /* MovieDetail.swift */ = {isa = PBXFileReference; lastKnownFileType = sourcecode.swift; path = MovieDetail.swift; sourceTree = "<group>"; };
/* End PBXFileReference section */

/* Begin PBXFrameworksBuildPhase section */
		447DA0802A05224E003306EB /* Frameworks */ = {
			isa = PBXFrameworksBuildPhase;
			buildActionMask = 2147483647;
			files = (
			);
			runOnlyForDeploymentPostprocessing = 0;
		};
/* End PBXFrameworksBuildPhase section */

/* Begin PBXGroup section */
		447DA07A2A05224E003306EB = {
			isa = PBXGroup;
			children = (
				447DA0852A05224E003306EB /* moviez */,
				447DA0842A05224E003306EB /* Products */,
			);
			sourceTree = "<group>";
		};
		447DA0842A05224E003306EB /* Products */ = {
			isa = PBXGroup;
			children = (
				447DA0832A05224E003306EB /* moviez.app */,
			);
			name = Products;
			sourceTree = "<group>";
		};
		447DA0852A05224E003306EB /* moviez */ = {
			isa = PBXGroup;
			children = (
				447DA0862A05224E003306EB /* moviezApp.swift */,
				447DA0982A052344003306EB /* Model */,
				447DA0882A05224E003306EB /* ContentView.swift */,
				447DA08A2A052250003306EB /* Assets.xcassets */,
				447DA0942A05226A003306EB /* moviez.json */,
				447DA08C2A052250003306EB /* Preview Content */,
			);
			path = moviez;
			sourceTree = "<group>";
		};
		447DA08C2A052250003306EB /* Preview Content */ = {
			isa = PBXGroup;
			children = (
				447DA08D2A052250003306EB /* Preview Assets.xcassets */,
			);
			path = "Preview Content";
			sourceTree = "<group>";
		};
		447DA0982A052344003306EB /* Model */ = {
			isa = PBXGroup;
			children = (
				447DA0962A052285003306EB /* Moviez.swift */,
				447DA09B2A0524D8003306EB /* MovieDetail.swift */,
				4442DA732A05886F004F2E49 /* MovieRow.swift */,
				447DA0992A052359003306EB /* DataModel.swift */,
				4442DA752A0588F6004F2E49 /* MovieList.swift */,
				4442DAC32A06D26F004F2E49 /* CategoryHome.swift */,
				4442DAC52A06D2AA004F2E49 /* CategoryRow.swift */,
				4442DAC72A06D523004F2E49 /* CategoryItem.swift */,
			);
			path = Model;
			sourceTree = "<group>";
		};
/* End PBXGroup section */

/* Begin PBXNativeTarget section */
		447DA0822A05224E003306EB /* moviez */ = {
			isa = PBXNativeTarget;
			buildConfigurationList = 447DA0912A052250003306EB /* Build configuration list for PBXNativeTarget "moviez" */;
			buildPhases = (
				447DA07F2A05224E003306EB /* Sources */,
				447DA0802A05224E003306EB /* Frameworks */,
				447DA0812A05224E003306EB /* Resources */,
			);
			buildRules = (
			);
			dependencies = (
			);
			name = moviez;
			productName = moviez;
			productReference = 447DA0832A05224E003306EB /* moviez.app */;
			productType = "com.apple.product-type.application";
		};
/* End PBXNativeTarget section */

/* Begin PBXProject section */
		447DA07B2A05224E003306EB /* Project object */ = {
			isa = PBXProject;
			attributes = {
				BuildIndependentTargetsInParallel = 1;
				LastSwiftUpdateCheck = 1430;
				LastUpgradeCheck = 1430;
				TargetAttributes = {
					447DA0822A05224E003306EB = {
						CreatedOnToolsVersion = 14.3;
					};
				};
			};
			buildConfigurationList = 447DA07E2A05224E003306EB /* Build configuration list for PBXProject "moviez" */;
			compatibilityVersion = "Xcode 14.0";
			developmentRegion = en;
			hasScannedForEncodings = 0;
			knownRegions = (
				en,
				Base,
			);
			mainGroup = 447DA07A2A05224E003306EB;
			productRefGroup = 447DA0842A05224E003306EB /* Products */;
			projectDirPath = "";
			projectRoot = "";
			targets = (
				447DA0822A05224E003306EB /* moviez */,
			);
		};
/* End PBXProject section */

/* Begin PBXResourcesBuildPhase section */
		447DA0812A05224E003306EB /* Resources */ = {
			isa = PBXResourcesBuildPhase;
			buildActionMask = 2147483647;
			files = (
				447DA0952A05226A003306EB /* moviez.json in Resources */,
				447DA08E2A052250003306EB /* Preview Assets.xcassets in Resources */,
				447DA08B2A052250003306EB /* Assets.xcassets in Resources */,
			);
			runOnlyForDeploymentPostprocessing = 0;
		};
/* End PBXResourcesBuildPhase section */

/* Begin PBXSourcesBuildPhase section */
		447DA07F2A05224E003306EB /* Sources */ = {
			isa = PBXSourcesBuildPhase;
			buildActionMask = 2147483647;
			files = (
				447DA0892A05224E003306EB /* ContentView.swift in Sources */,
				4442DA742A05886F004F2E49 /* MovieRow.swift in Sources */,
				447DA09A2A052359003306EB /* DataModel.swift in Sources */,
				447DA09C2A0524D8003306EB /* MovieDetail.swift in Sources */,
				4442DAC42A06D26F004F2E49 /* CategoryHome.swift in Sources */,
				447DA0872A05224E003306EB /* moviezApp.swift in Sources */,
				447DA0972A052285003306EB /* Moviez.swift in Sources */,
				4442DAC62A06D2AA004F2E49 /* CategoryRow.swift in Sources */,
				4442DAC82A06D523004F2E49 /* CategoryItem.swift in Sources */,
				4442DA762A0588F6004F2E49 /* MovieList.swift in Sources */,
			);
			runOnlyForDeploymentPostprocessing = 0;
		};
/* End PBXSourcesBuildPhase section */

/* Begin XCBuildConfiguration section */
		447DA08F2A052250003306EB /* Debug */ = {
			isa = XCBuildConfiguration;
			buildSettings = {
				ALWAYS_SEARCH_USER_PATHS = NO;
				CLANG_ANALYZER_NONNULL = YES;
				CLANG_ANALYZER_NUMBER_OBJECT_CONVERSION = YES_AGGRESSIVE;
				CLANG_CXX_LANGUAGE_STANDARD = "gnu++20";
				CLANG_ENABLE_MODULES = YES;
				CLANG_ENABLE_OBJC_ARC = YES;
				CLANG_ENABLE_OBJC_WEAK = YES;
				CLANG_WARN_BLOCK_CAPTURE_AUTORELEASING = YES;
				CLANG_WARN_BOOL_CONVERSION = YES;
				CLANG_WARN_COMMA = YES;
				CLANG_WARN_CONSTANT_CONVERSION = YES;
				CLANG_WARN_DEPRECATED_OBJC_IMPLEMENTATIONS = YES;
				CLANG_WARN_DIRECT_OBJC_ISA_USAGE = YES_ERROR;
				CLANG_WARN_DOCUMENTATION_COMMENTS = YES;
				CLANG_WARN_EMPTY_BODY = YES;
				CLANG_WARN_ENUM_CONVERSION = YES;
				CLANG_WARN_INFINITE_RECURSION = YES;
				CLANG_WARN_INT_CONVERSION = YES;
				CLANG_WARN_NON_LITERAL_NULL_CONVERSION = YES;
				CLANG_WARN_OBJC_IMPLICIT_RETAIN_SELF = YES;
				CLANG_WARN_OBJC_LITERAL_CONVERSION = YES;
				CLANG_WARN_OBJC_ROOT_CLASS = YES_ERROR;
				CLANG_WARN_QUOTED_INCLUDE_IN_FRAMEWORK_HEADER = YES;
				CLANG_WARN_RANGE_LOOP_ANALYSIS = YES;
				CLANG_WARN_STRICT_PROTOTYPES = YES;
				CLANG_WARN_SUSPICIOUS_MOVE = YES;
				CLANG_WARN_UNGUARDED_AVAILABILITY = YES_AGGRESSIVE;
				CLANG_WARN_UNREACHABLE_CODE = YES;
				CLANG_WARN__DUPLICATE_METHOD_MATCH = YES;
				COPY_PHASE_STRIP = NO;
				DEBUG_INFORMATION_FORMAT = dwarf;
				ENABLE_STRICT_OBJC_MSGSEND = YES;
				ENABLE_TESTABILITY = YES;
				GCC_C_LANGUAGE_STANDARD = gnu11;
				GCC_DYNAMIC_NO_PIC = NO;
				GCC_NO_COMMON_BLOCKS = YES;
				GCC_OPTIMIZATION_LEVEL = 0;
				GCC_PREPROCESSOR_DEFINITIONS = (
					"DEBUG=1",
					"$(inherited)",
				);
				GCC_WARN_64_TO_32_BIT_CONVERSION = YES;
				GCC_WARN_ABOUT_RETURN_TYPE = YES_ERROR;
				GCC_WARN_UNDECLARED_SELECTOR = YES;
				GCC_WARN_UNINITIALIZED_AUTOS = YES_AGGRESSIVE;
				GCC_WARN_UNUSED_FUNCTION = YES;
				GCC_WARN_UNUSED_VARIABLE = YES;
				IPHONEOS_DEPLOYMENT_TARGET = 16.4;
				MTL_ENABLE_DEBUG_INFO = INCLUDE_SOURCE;
				MTL_FAST_MATH = YES;
				ONLY_ACTIVE_ARCH = YES;
				SDKROOT = iphoneos;
				SWIFT_ACTIVE_COMPILATION_CONDITIONS = DEBUG;
				SWIFT_OPTIMIZATION_LEVEL = "-Onone";
			};
			name = Debug;
		};
		447DA0902A052250003306EB /* Release */ = {
			isa = XCBuildConfiguration;
			buildSettings = {
				ALWAYS_SEARCH_USER_PATHS = NO;
				CLANG_ANALYZER_NONNULL = YES;
				CLANG_ANALYZER_NUMBER_OBJECT_CONVERSION = YES_AGGRESSIVE;
				CLANG_CXX_LANGUAGE_STANDARD = "gnu++20";
				CLANG_ENABLE_MODULES = YES;
				CLANG_ENABLE_OBJC_ARC = YES;
				CLANG_ENABLE_OBJC_WEAK = YES;
				CLANG_WARN_BLOCK_CAPTURE_AUTORELEASING = YES;
				CLANG_WARN_BOOL_CONVERSION = YES;
				CLANG_WARN_COMMA = YES;
				CLANG_WARN_CONSTANT_CONVERSION = YES;
				CLANG_WARN_DEPRECATED_OBJC_IMPLEMENTATIONS = YES;
				CLANG_WARN_DIRECT_OBJC_ISA_USAGE = YES_ERROR;
				CLANG_WARN_DOCUMENTATION_COMMENTS = YES;
				CLANG_WARN_EMPTY_BODY = YES;
				CLANG_WARN_ENUM_CONVERSION = YES;
				CLANG_WARN_INFINITE_RECURSION = YES;
				CLANG_WARN_INT_CONVERSION = YES;
				CLANG_WARN_NON_LITERAL_NULL_CONVERSION = YES;
				CLANG_WARN_OBJC_IMPLICIT_RETAIN_SELF = YES;
				CLANG_WARN_OBJC_LITERAL_CONVERSION = YES;
				CLANG_WARN_OBJC_ROOT_CLASS = YES_ERROR;
				CLANG_WARN_QUOTED_INCLUDE_IN_FRAMEWORK_HEADER = YES;
				CLANG_WARN_RANGE_LOOP_ANALYSIS = YES;
				CLANG_WARN_STRICT_PROTOTYPES = YES;
				CLANG_WARN_SUSPICIOUS_MOVE = YES;
				CLANG_WARN_UNGUARDED_AVAILABILITY = YES_AGGRESSIVE;
				CLANG_WARN_UNREACHABLE_CODE = YES;
				CLANG_WARN__DUPLICATE_METHOD_MATCH = YES;
				COPY_PHASE_STRIP = NO;
				DEBUG_INFORMATION_FORMAT = "dwarf-with-dsym";
				ENABLE_NS_ASSERTIONS = NO;
				ENABLE_STRICT_OBJC_MSGSEND = YES;
				GCC_C_LANGUAGE_STANDARD = gnu11;
				GCC_NO_COMMON_BLOCKS = YES;
				GCC_WARN_64_TO_32_BIT_CONVERSION = YES;
				GCC_WARN_ABOUT_RETURN_TYPE = YES_ERROR;
				GCC_WARN_UNDECLARED_SELECTOR = YES;
				GCC_WARN_UNINITIALIZED_AUTOS = YES_AGGRESSIVE;
				GCC_WARN_UNUSED_FUNCTION = YES;
				GCC_WARN_UNUSED_VARIABLE = YES;
				IPHONEOS_DEPLOYMENT_TARGET = 16.4;
				MTL_ENABLE_DEBUG_INFO = NO;
				MTL_FAST_MATH = YES;
				SDKROOT = iphoneos;
				SWIFT_COMPILATION_MODE = wholemodule;
				SWIFT_OPTIMIZATION_LEVEL = "-O";
				VALIDATE_PRODUCT = YES;
			};
			name = Release;
		};
		447DA0922A052250003306EB /* Debug */ = {
			isa = XCBuildConfiguration;
			buildSettings = {
				ASSETCATALOG_COMPILER_APPICON_NAME = AppIcon;
				ASSETCATALOG_COMPILER_GLOBAL_ACCENT_COLOR_NAME = AccentColor;
				CODE_SIGN_STYLE = Automatic;
				CURRENT_PROJECT_VERSION = 1;
				DEVELOPMENT_ASSET_PATHS = "\"moviez/Preview Content\"";
				ENABLE_PREVIEWS = YES;
				GENERATE_INFOPLIST_FILE = YES;
				INFOPLIST_KEY_UIApplicationSceneManifest_Generation = YES;
				INFOPLIST_KEY_UIApplicationSupportsIndirectInputEvents = YES;
				INFOPLIST_KEY_UILaunchScreen_Generation = YES;
				INFOPLIST_KEY_UISupportedInterfaceOrientations_iPad = "UIInterfaceOrientationPortrait UIInterfaceOrientationPortraitUpsideDown UIInterfaceOrientationLandscapeLeft UIInterfaceOrientationLandscapeRight";
				INFOPLIST_KEY_UISupportedInterfaceOrientations_iPhone = "UIInterfaceOrientationPortrait UIInterfaceOrientationLandscapeLeft UIInterfaceOrientationLandscapeRight";
				LD_RUNPATH_SEARCH_PATHS = (
					"$(inherited)",
					"@executable_path/Frameworks",
				);
				MARKETING_VERSION = 1.0;
				PRODUCT_BUNDLE_IDENTIFIER = com.suraj.moviez;
				PRODUCT_NAME = "$(TARGET_NAME)";
				SWIFT_EMIT_LOC_STRINGS = YES;
				SWIFT_VERSION = 5.0;
				TARGETED_DEVICE_FAMILY = "1,2";
			};
			name = Debug;
		};
		447DA0932A052250003306EB /* Release */ = {
			isa = XCBuildConfiguration;
			buildSettings = {
				ASSETCATALOG_COMPILER_APPICON_NAME = AppIcon;
				ASSETCATALOG_COMPILER_GLOBAL_ACCENT_COLOR_NAME = AccentColor;
				CODE_SIGN_STYLE = Automatic;
				CURRENT_PROJECT_VERSION = 1;
				DEVELOPMENT_ASSET_PATHS = "\"moviez/Preview Content\"";
				ENABLE_PREVIEWS = YES;
				GENERATE_INFOPLIST_FILE = YES;
				INFOPLIST_KEY_UIApplicationSceneManifest_Generation = YES;
				INFOPLIST_KEY_UIApplicationSupportsIndirectInputEvents = YES;
				INFOPLIST_KEY_UILaunchScreen_Generation = YES;
				INFOPLIST_KEY_UISupportedInterfaceOrientations_iPad = "UIInterfaceOrientationPortrait UIInterfaceOrientationPortraitUpsideDown UIInterfaceOrientationLandscapeLeft UIInterfaceOrientationLandscapeRight";
				INFOPLIST_KEY_UISupportedInterfaceOrientations_iPhone = "UIInterfaceOrientationPortrait UIInterfaceOrientationLandscapeLeft UIInterfaceOrientationLandscapeRight";
				LD_RUNPATH_SEARCH_PATHS = (
					"$(inherited)",
					"@executable_path/Frameworks",
				);
				MARKETING_VERSION = 1.0;
				PRODUCT_BUNDLE_IDENTIFIER = com.suraj.moviez;
				PRODUCT_NAME = "$(TARGET_NAME)";
				SWIFT_EMIT_LOC_STRINGS = YES;
				SWIFT_VERSION = 5.0;
				TARGETED_DEVICE_FAMILY = "1,2";
			};
			name = Release;
		};
/* End XCBuildConfiguration section */

/* Begin XCConfigurationList section */
		447DA07E2A05224E003306EB /* Build configuration list for PBXProject "moviez" */ = {
			isa = XCConfigurationList;
			buildConfigurations = (
				447DA08F2A052250003306EB /* Debug */,
				447DA0902A052250003306EB /* Release */,
			);
			defaultConfigurationIsVisible = 0;
			defaultConfigurationName = Release;
		};
		447DA0912A052250003306EB /* Build configuration list for PBXNativeTarget "moviez" */ = {
			isa = XCConfigurationList;
			buildConfigurations = (
				447DA0922A052250003306EB /* Debug */,
				447DA0932A052250003306EB /* Release */,
			);
			defaultConfigurationIsVisible = 0;
			defaultConfigurationName = Release;
		};
/* End XCConfigurationList section */
	};
	rootObject = 447DA07B2A05224E003306EB /* Project object */;
}
